Microsoft Visual Studio Solution File, Format Version 12.00
# Visual Studio Version 17
VisualStudioVersion = 17.5.2.0
MinimumVisualStudioVersion = 10.0.40219.1
Project("{FAE04EC0-301F-11D3-BF4B-00C04F79EFBC}") = "3d-game", "3d-game.csproj", "{DE439910-766F-A10E-709A-C34D026FEA76}"
EndProject
Global
	GlobalSection(SolutionConfigurationPlatforms) = preSolution
		Debug|Any CPU = Debug|Any CPU
		Release|Any CPU = Release|Any CPU
	EndGlobalSection
	GlobalSection(ProjectConfigurationPlatforms) = postSolution
		{DE439910-766F-A10E-709A-C34D026FEA76}.Debug|Any CPU.ActiveCfg = Debug|Any CPU
		{DE439910-766F-A10E-709A-C34D026FEA76}.Debug|Any CPU.Build.0 = Debug|Any CPU
		{DE439910-766F-A10E-709A-C34D026FEA76}.Release|Any CPU.ActiveCfg = Release|Any CPU
		{DE439910-766F-A10E-709A-C34D026FEA76}.Release|Any CPU.Build.0 = Release|Any CPU
	EndGlobalSection
	GlobalSection(SolutionProperties) = preSolution
		HideSolutionNode = FALSE
	EndGlobalSection
	GlobalSection(ExtensibilityGlobals) = postSolution
		SolutionGuid = {BC9271EC-8595-4647-98EF-1C0CC53BF6CF}
	EndGlobalSection
EndGlobal
